
Microsoft Visual Studio Solution File, Format Version 12.00
# Visual Studio Version 17
VisualStudioVersion = 17.2.32519.379
MinimumVisualStudioVersion = 10.0.40219.1
Project("{FAE04EC0-301F-11D3-BF4B-00C04F79EFBC}") = "Lab4", "Lab4.csproj", "{A57EA9FF-8790-46CF-B0EB-2D84D8BEED16}"
EndProject
Global
	GlobalSection(SolutionConfigurationPlatforms) = preSolution
		Debug|Any CPU = Debug|Any CPU
		Release|Any CPU = Release|Any CPU
	EndGlobalSection
	GlobalSection(ProjectConfigurationPlatforms) = postSolution
		{A57EA9FF-8790-46CF-B0EB-2D84D8BEED16}.Debug|Any CPU.ActiveCfg = Debug|Any CPU
		{A57EA9FF-8790-46CF-B0EB-2D84D8BEED16}.Debug|Any CPU.Build.0 = Debug|Any CPU
		{A57EA9FF-8790-46CF-B0EB-2D84D8BEED16}.Release|Any CPU.ActiveCfg = Release|Any CPU
		{A57EA9FF-8790-46CF-B0EB-2D84D8BEED16}.Release|Any CPU.Build.0 = Release|Any CPU
	EndGlobalSection
	GlobalSection(SolutionProperties) = preSolution
		HideSolutionNode = FALSE
	EndGlobalSection
	GlobalSection(ExtensibilityGlobals) = postSolution
		SolutionGuid = {FC9E2346-F254-4851-9F1C-81FB44977D0C}
	EndGlobalSection
EndGlobal
