
Microsoft Visual Studio Solution File, Format Version 12.00
# Visual Studio Version 17
VisualStudioVersion = 17.2.32519.379
MinimumVisualStudioVersion = 10.0.40219.1
Project("{FAE04EC0-301F-11D3-BF4B-00C04F79EFBC}") = "Lab5 сишарп", "Lab5 сишарп.csproj", "{0469A21A-EB94-4F9B-B32D-0A8433D57155}"
EndProject
Global
	GlobalSection(SolutionConfigurationPlatforms) = preSolution
		Debug|Any CPU = Debug|Any CPU
		Release|Any CPU = Release|Any CPU
	EndGlobalSection
	GlobalSection(ProjectConfigurationPlatforms) = postSolution
		{0469A21A-EB94-4F9B-B32D-0A8433D57155}.Debug|Any CPU.ActiveCfg = Debug|Any CPU
		{0469A21A-EB94-4F9B-B32D-0A8433D57155}.Debug|Any CPU.Build.0 = Debug|Any CPU
		{0469A21A-EB94-4F9B-B32D-0A8433D57155}.Release|Any CPU.ActiveCfg = Release|Any CPU
		{0469A21A-EB94-4F9B-B32D-0A8433D57155}.Release|Any CPU.Build.0 = Release|Any CPU
	EndGlobalSection
	GlobalSection(SolutionProperties) = preSolution
		HideSolutionNode = FALSE
	EndGlobalSection
	GlobalSection(ExtensibilityGlobals) = postSolution
		SolutionGuid = {2A6F84D0-921C-4744-9AD8-5C9C2D0A0452}
	EndGlobalSection
EndGlobal
