
Microsoft Visual Studio Solution File, Format Version 12.00
# Visual Studio Version 17
VisualStudioVersion = 17.4.33205.214
MinimumVisualStudioVersion = 10.0.40219.1
Project("{9092AA53-FB77-4645-B42D-1CCCA6BD08BD}") = "Практика_1", "Практика_1\Практика_1.njsproj", "{466404E8-D011-40DA-846F-D710DEE6E63C}"
EndProject
Global
	GlobalSection(SolutionConfigurationPlatforms) = preSolution
		Debug|Any CPU = Debug|Any CPU
		Release|Any CPU = Release|Any CPU
	EndGlobalSection
	GlobalSection(ProjectConfigurationPlatforms) = postSolution
		{466404E8-D011-40DA-846F-D710DEE6E63C}.Debug|Any CPU.ActiveCfg = Debug|Any CPU
		{466404E8-D011-40DA-846F-D710DEE6E63C}.Debug|Any CPU.Build.0 = Debug|Any CPU
		{466404E8-D011-40DA-846F-D710DEE6E63C}.Release|Any CPU.ActiveCfg = Release|Any CPU
		{466404E8-D011-40DA-846F-D710DEE6E63C}.Release|Any CPU.Build.0 = Release|Any CPU
	EndGlobalSection
	GlobalSection(SolutionProperties) = preSolution
		HideSolutionNode = FALSE
	EndGlobalSection
	GlobalSection(ExtensibilityGlobals) = postSolution
		SolutionGuid = {FF98B778-A581-47BA-81ED-79317DCA3093}
	EndGlobalSection
EndGlobal
