
Microsoft Visual Studio Solution File, Format Version 12.00
# Visual Studio Version 17
VisualStudioVersion = 17.2.32519.379
MinimumVisualStudioVersion = 10.0.40219.1
Project("{FAE04EC0-301F-11D3-BF4B-00C04F79EFBC}") = "Lab3 Второй язык", "Lab3 Второй язык.csproj", "{A730ED0A-03C4-43D9-B8CF-4761643B2911}"
EndProject
Global
	GlobalSection(SolutionConfigurationPlatforms) = preSolution
		Debug|Any CPU = Debug|Any CPU
		Release|Any CPU = Release|Any CPU
	EndGlobalSection
	GlobalSection(ProjectConfigurationPlatforms) = postSolution
		{A730ED0A-03C4-43D9-B8CF-4761643B2911}.Debug|Any CPU.ActiveCfg = Debug|Any CPU
		{A730ED0A-03C4-43D9-B8CF-4761643B2911}.Debug|Any CPU.Build.0 = Debug|Any CPU
		{A730ED0A-03C4-43D9-B8CF-4761643B2911}.Release|Any CPU.ActiveCfg = Release|Any CPU
		{A730ED0A-03C4-43D9-B8CF-4761643B2911}.Release|Any CPU.Build.0 = Release|Any CPU
	EndGlobalSection
	GlobalSection(SolutionProperties) = preSolution
		HideSolutionNode = FALSE
	EndGlobalSection
	GlobalSection(ExtensibilityGlobals) = postSolution
		SolutionGuid = {E2047FDA-31F9-4C9C-BE6E-90C78E5E5205}
	EndGlobalSection
EndGlobal
